
Microsoft Visual Studio Solution File, Format Version 12.00
# Visual Studio Version 17
VisualStudioVersion = 17.13.35825.156 d17.13
MinimumVisualStudioVersion = 10.0.40219.1
Project("{FAE04EC0-301F-11D3-BF4B-00C04F79EFBC}") = "PaymentService", "PaymentService\PaymentService.csproj", "{B5B52EB0-52C2-419B-AE79-379B548446B0}"
EndProject
Project("{FAE04EC0-301F-11D3-BF4B-00C04F79EFBC}") = "PaymentService.Domain", "PaymentService.Domain\PaymentService.Domain.csproj", "{6AB113DE-3D5F-47D8-88B5-E24BE7B2D4C5}"
EndProject
Project("{FAE04EC0-301F-11D3-BF4B-00C04F79EFBC}") = "PaymentService.Infrastructure", "PaymentService.Infrastructure\PaymentService.Infrastructure.csproj", "{9E0822E4-0520-49AC-AE6D-BA9ECA3AFC07}"
EndProject
Project("{FAE04EC0-301F-11D3-BF4B-00C04F79EFBC}") = "PaymentService.Tests", "PaymentService.Tests\PaymentService.Tests.csproj", "{A61679C5-00E8-407A-9832-ED21DC1A52A1}"
EndProject
Global
	GlobalSection(SolutionConfigurationPlatforms) = preSolution
		Debug|Any CPU = Debug|Any CPU
		Release|Any CPU = Release|Any CPU
	EndGlobalSection
	GlobalSection(ProjectConfigurationPlatforms) = postSolution
		{B5B52EB0-52C2-419B-AE79-379B548446B0}.Debug|Any CPU.ActiveCfg = Debug|Any CPU
		{B5B52EB0-52C2-419B-AE79-379B548446B0}.Debug|Any CPU.Build.0 = Debug|Any CPU
		{B5B52EB0-52C2-419B-AE79-379B548446B0}.Release|Any CPU.ActiveCfg = Release|Any CPU
		{B5B52EB0-52C2-419B-AE79-379B548446B0}.Release|Any CPU.Build.0 = Release|Any CPU
		{6AB113DE-3D5F-47D8-88B5-E24BE7B2D4C5}.Debug|Any CPU.ActiveCfg = Debug|Any CPU
		{6AB113DE-3D5F-47D8-88B5-E24BE7B2D4C5}.Debug|Any CPU.Build.0 = Debug|Any CPU
		{6AB113DE-3D5F-47D8-88B5-E24BE7B2D4C5}.Release|Any CPU.ActiveCfg = Release|Any CPU
		{6AB113DE-3D5F-47D8-88B5-E24BE7B2D4C5}.Release|Any CPU.Build.0 = Release|Any CPU
		{9E0822E4-0520-49AC-AE6D-BA9ECA3AFC07}.Debug|Any CPU.ActiveCfg = Debug|Any CPU
		{9E0822E4-0520-49AC-AE6D-BA9ECA3AFC07}.Debug|Any CPU.Build.0 = Debug|Any CPU
		{9E0822E4-0520-49AC-AE6D-BA9ECA3AFC07}.Release|Any CPU.ActiveCfg = Release|Any CPU
		{9E0822E4-0520-49AC-AE6D-BA9ECA3AFC07}.Release|Any CPU.Build.0 = Release|Any CPU
		{A61679C5-00E8-407A-9832-ED21DC1A52A1}.Debug|Any CPU.ActiveCfg = Debug|Any CPU
		{A61679C5-00E8-407A-9832-ED21DC1A52A1}.Debug|Any CPU.Build.0 = Debug|Any CPU
		{A61679C5-00E8-407A-9832-ED21DC1A52A1}.Release|Any CPU.ActiveCfg = Release|Any CPU
		{A61679C5-00E8-407A-9832-ED21DC1A52A1}.Release|Any CPU.Build.0 = Release|Any CPU
	EndGlobalSection
	GlobalSection(SolutionProperties) = preSolution
		HideSolutionNode = FALSE
	EndGlobalSection
	GlobalSection(ExtensibilityGlobals) = postSolution
		SolutionGuid = {9F9DFCA3-D655-4BC0-A28E-E08D252151C9}
	EndGlobalSection
EndGlobal
