
Microsoft Visual Studio Solution File, Format Version 12.00
# Visual Studio Version 17
VisualStudioVersion = 17.13.35825.156 d17.13
MinimumVisualStudioVersion = 10.0.40219.1
Project("{FAE04EC0-301F-11D3-BF4B-00C04F79EFBC}") = "NotificationService.Api", "NotificationService.Api\NotificationService.Api.csproj", "{A1B2C3D4-0001-4E5F-8A6B-1C2D3E4F5A01}"
EndProject
Project("{FAE04EC0-301F-11D3-BF4B-00C04F79EFBC}") = "NotificationService.Domain", "NotificationService.Domain\NotificationService.Domain.csproj", "{A1B2C3D4-0002-4E5F-8A6B-1C2D3E4F5A02}"
EndProject
Project("{FAE04EC0-301F-11D3-BF4B-00C04F79EFBC}") = "NotificationService.Infrastructure", "NotificationService.Infrastructure\NotificationService.Infrastructure.csproj", "{A1B2C3D4-0003-4E5F-8A6B-1C2D3E4F5A03}"
EndProject
Global
	GlobalSection(SolutionConfigurationPlatforms) = preSolution
		Debug|Any CPU = Debug|Any CPU
		Release|Any CPU = Release|Any CPU
	EndGlobalSection
	GlobalSection(ProjectConfigurationPlatforms) = postSolution
		{A1B2C3D4-0001-4E5F-8A6B-1C2D3E4F5A01}.Debug|Any CPU.ActiveCfg = Debug|Any CPU
		{A1B2C3D4-0001-4E5F-8A6B-1C2D3E4F5A01}.Debug|Any CPU.Build.0 = Debug|Any CPU
		{A1B2C3D4-0001-4E5F-8A6B-1C2D3E4F5A01}.Release|Any CPU.ActiveCfg = Release|Any CPU
		{A1B2C3D4-0001-4E5F-8A6B-1C2D3E4F5A01}.Release|Any CPU.Build.0 = Release|Any CPU
		{A1B2C3D4-0002-4E5F-8A6B-1C2D3E4F5A02}.Debug|Any CPU.ActiveCfg = Debug|Any CPU
		{A1B2C3D4-0002-4E5F-8A6B-1C2D3E4F5A02}.Debug|Any CPU.Build.0 = Debug|Any CPU
		{A1B2C3D4-0002-4E5F-8A6B-1C2D3E4F5A02}.Release|Any CPU.ActiveCfg = Release|Any CPU
		{A1B2C3D4-0002-4E5F-8A6B-1C2D3E4F5A02}.Release|Any CPU.Build.0 = Release|Any CPU
		{A1B2C3D4-0003-4E5F-8A6B-1C2D3E4F5A03}.Debug|Any CPU.ActiveCfg = Debug|Any CPU
		{A1B2C3D4-0003-4E5F-8A6B-1C2D3E4F5A03}.Debug|Any CPU.Build.0 = Debug|Any CPU
		{A1B2C3D4-0003-4E5F-8A6B-1C2D3E4F5A03}.Release|Any CPU.ActiveCfg = Release|Any CPU
		{A1B2C3D4-0003-4E5F-8A6B-1C2D3E4F5A03}.Release|Any CPU.Build.0 = Release|Any CPU
	EndGlobalSection
	GlobalSection(SolutionProperties) = preSolution
		HideSolutionNode = FALSE
	EndGlobalSection
	GlobalSection(ExtensibilityGlobals) = postSolution
		SolutionGuid = {A1B2C3D4-0000-4E5F-8A6B-1C2D3E4F5A00}
	EndGlobalSection
EndGlobal
